
Microsoft Visual Studio Solution File, Format Version 12.00
# Visual Studio Version 16
VisualStudioVersion = 16.0.30011.22
MinimumVisualStudioVersion = 10.0.40219.1
Project("{8BC9CEB8-8B4A-11D0-8D11-00A0C91BC942}") = "brutales_vs", "brutales_vs\brutales_vs.vcxproj", "{3ED865BF-53E7-4509-BA3F-297AB4602228}"
EndProject
Project("{8BC9CEB8-8B4A-11D0-8D11-00A0C91BC942}") = "BruteForceEngine", "BruteForceEngine\BruteForceEngine.vcxproj", "{808B0F2D-088A-4814-B4E8-E4B5682ABD0C}"
EndProject
Project("{8BC9CEB8-8B4A-11D0-8D11-00A0C91BC942}") = "DirectXTex", "ThirdParty\DirectXTex\DirectXTex_Desktop_2019_Win10.vcxproj", "{371B9FA9-4C90-4AC6-A123-ACED756D6C77}"
EndProject
Global
	GlobalSection(SolutionConfigurationPlatforms) = preSolution
		Debug|ARM64 = Debug|ARM64
		Debug|x64 = Debug|x64
		Debug|x86 = Debug|x86
		FullScreenRelease|ARM64 = FullScreenRelease|ARM64
		FullScreenRelease|x64 = FullScreenRelease|x64
		FullScreenRelease|x86 = FullScreenRelease|x86
		Profile|ARM64 = Profile|ARM64
		Profile|x64 = Profile|x64
		Profile|x86 = Profile|x86
		Release|ARM64 = Release|ARM64
		Release|x64 = Release|x64
		Release|x86 = Release|x86
	EndGlobalSection
	GlobalSection(ProjectConfigurationPlatforms) = postSolution
		{3ED865BF-53E7-4509-BA3F-297AB4602228}.Debug|ARM64.ActiveCfg = Debug|Win32
		{3ED865BF-53E7-4509-BA3F-297AB4602228}.Debug|x64.ActiveCfg = Debug|x64
		{3ED865BF-53E7-4509-BA3F-297AB4602228}.Debug|x86.ActiveCfg = Debug|Win32
		{3ED865BF-53E7-4509-BA3F-297AB4602228}.FullScreenRelease|ARM64.ActiveCfg = FullScreenRelease|Win32
		{3ED865BF-53E7-4509-BA3F-297AB4602228}.FullScreenRelease|x64.ActiveCfg = FullScreenRelease|x64
		{3ED865BF-53E7-4509-BA3F-297AB4602228}.FullScreenRelease|x64.Build.0 = FullScreenRelease|x64
		{3ED865BF-53E7-4509-BA3F-297AB4602228}.FullScreenRelease|x86.ActiveCfg = FullScreenRelease|Win32
		{3ED865BF-53E7-4509-BA3F-297AB4602228}.FullScreenRelease|x86.Build.0 = FullScreenRelease|Win32
		{3ED865BF-53E7-4509-BA3F-297AB4602228}.Profile|ARM64.ActiveCfg = Release|Win32
		{3ED865BF-53E7-4509-BA3F-297AB4602228}.Profile|ARM64.Build.0 = Release|Win32
		{3ED865BF-53E7-4509-BA3F-297AB4602228}.Profile|x64.ActiveCfg = Release|x64
		{3ED865BF-53E7-4509-BA3F-297AB4602228}.Profile|x64.Build.0 = Release|x64
		{3ED865BF-53E7-4509-BA3F-297AB4602228}.Profile|x86.ActiveCfg = Release|Win32
		{3ED865BF-53E7-4509-BA3F-297AB4602228}.Profile|x86.Build.0 = Release|Win32
		{3ED865BF-53E7-4509-BA3F-297AB4602228}.Release|ARM64.ActiveCfg = Release|Win32
		{3ED865BF-53E7-4509-BA3F-297AB4602228}.Release|x64.ActiveCfg = Release|x64
		{3ED865BF-53E7-4509-BA3F-297AB4602228}.Release|x86.ActiveCfg = Release|Win32
		{808B0F2D-088A-4814-B4E8-E4B5682ABD0C}.Debug|ARM64.ActiveCfg = Debug|Win32
		{808B0F2D-088A-4814-B4E8-E4B5682ABD0C}.Debug|x64.ActiveCfg = Debug|x64
		{808B0F2D-088A-4814-B4E8-E4B5682ABD0C}.Debug|x64.Build.0 = Debug|x64
		{808B0F2D-088A-4814-B4E8-E4B5682ABD0C}.Debug|x86.ActiveCfg = Debug|Win32
		{808B0F2D-088A-4814-B4E8-E4B5682ABD0C}.Debug|x86.Build.0 = Debug|Win32
		{808B0F2D-088A-4814-B4E8-E4B5682ABD0C}.FullScreenRelease|ARM64.ActiveCfg = Release|Win32
		{808B0F2D-088A-4814-B4E8-E4B5682ABD0C}.FullScreenRelease|ARM64.Build.0 = Release|Win32
		{808B0F2D-088A-4814-B4E8-E4B5682ABD0C}.FullScreenRelease|x64.ActiveCfg = Release|x64
		{808B0F2D-088A-4814-B4E8-E4B5682ABD0C}.FullScreenRelease|x64.Build.0 = Release|x64
		{808B0F2D-088A-4814-B4E8-E4B5682ABD0C}.FullScreenRelease|x86.ActiveCfg = Release|Win32
		{808B0F2D-088A-4814-B4E8-E4B5682ABD0C}.FullScreenRelease|x86.Build.0 = Release|Win32
		{808B0F2D-088A-4814-B4E8-E4B5682ABD0C}.Profile|ARM64.ActiveCfg = Release|Win32
		{808B0F2D-088A-4814-B4E8-E4B5682ABD0C}.Profile|ARM64.Build.0 = Release|Win32
		{808B0F2D-088A-4814-B4E8-E4B5682ABD0C}.Profile|x64.ActiveCfg = Release|x64
		{808B0F2D-088A-4814-B4E8-E4B5682ABD0C}.Profile|x64.Build.0 = Release|x64
		{808B0F2D-088A-4814-B4E8-E4B5682ABD0C}.Profile|x86.ActiveCfg = Release|Win32
		{808B0F2D-088A-4814-B4E8-E4B5682ABD0C}.Profile|x86.Build.0 = Release|Win32
		{808B0F2D-088A-4814-B4E8-E4B5682ABD0C}.Release|ARM64.ActiveCfg = Release|Win32
		{808B0F2D-088A-4814-B4E8-E4B5682ABD0C}.Release|x64.ActiveCfg = Release|x64
		{808B0F2D-088A-4814-B4E8-E4B5682ABD0C}.Release|x64.Build.0 = Release|x64
		{808B0F2D-088A-4814-B4E8-E4B5682ABD0C}.Release|x86.ActiveCfg = Release|Win32
		{808B0F2D-088A-4814-B4E8-E4B5682ABD0C}.Release|x86.Build.0 = Release|Win32
		{371B9FA9-4C90-4AC6-A123-ACED756D6C77}.Debug|ARM64.ActiveCfg = Debug|ARM64
		{371B9FA9-4C90-4AC6-A123-ACED756D6C77}.Debug|ARM64.Build.0 = Debug|ARM64
		{371B9FA9-4C90-4AC6-A123-ACED756D6C77}.Debug|x64.ActiveCfg = Debug|x64
		{371B9FA9-4C90-4AC6-A123-ACED756D6C77}.Debug|x64.Build.0 = Debug|x64
		{371B9FA9-4C90-4AC6-A123-ACED756D6C77}.Debug|x86.ActiveCfg = Debug|Win32
		{371B9FA9-4C90-4AC6-A123-ACED756D6C77}.Debug|x86.Build.0 = Debug|Win32
		{371B9FA9-4C90-4AC6-A123-ACED756D6C77}.FullScreenRelease|ARM64.ActiveCfg = Release|ARM64
		{371B9FA9-4C90-4AC6-A123-ACED756D6C77}.FullScreenRelease|ARM64.Build.0 = Release|ARM64
		{371B9FA9-4C90-4AC6-A123-ACED756D6C77}.FullScreenRelease|x64.ActiveCfg = Release|x64
		{371B9FA9-4C90-4AC6-A123-ACED756D6C77}.FullScreenRelease|x64.Build.0 = Release|x64
		{371B9FA9-4C90-4AC6-A123-ACED756D6C77}.FullScreenRelease|x86.ActiveCfg = Release|Win32
		{371B9FA9-4C90-4AC6-A123-ACED756D6C77}.FullScreenRelease|x86.Build.0 = Release|Win32
		{371B9FA9-4C90-4AC6-A123-ACED756D6C77}.Profile|ARM64.ActiveCfg = Profile|ARM64
		{371B9FA9-4C90-4AC6-A123-ACED756D6C77}.Profile|ARM64.Build.0 = Profile|ARM64
		{371B9FA9-4C90-4AC6-A123-ACED756D6C77}.Profile|x64.ActiveCfg = Profile|x64
		{371B9FA9-4C90-4AC6-A123-ACED756D6C77}.Profile|x64.Build.0 = Profile|x64
		{371B9FA9-4C90-4AC6-A123-ACED756D6C77}.Profile|x86.ActiveCfg = Profile|Win32
		{371B9FA9-4C90-4AC6-A123-ACED756D6C77}.Profile|x86.Build.0 = Profile|Win32
		{371B9FA9-4C90-4AC6-A123-ACED756D6C77}.Release|ARM64.ActiveCfg = Release|ARM64
		{371B9FA9-4C90-4AC6-A123-ACED756D6C77}.Release|ARM64.Build.0 = Release|ARM64
		{371B9FA9-4C90-4AC6-A123-ACED756D6C77}.Release|x64.ActiveCfg = Release|x64
		{371B9FA9-4C90-4AC6-A123-ACED756D6C77}.Release|x64.Build.0 = Release|x64
		{371B9FA9-4C90-4AC6-A123-ACED756D6C77}.Release|x86.ActiveCfg = Release|Win32
		{371B9FA9-4C90-4AC6-A123-ACED756D6C77}.Release|x86.Build.0 = Release|Win32
	EndGlobalSection
	GlobalSection(SolutionProperties) = preSolution
		HideSolutionNode = FALSE
	EndGlobalSection
	GlobalSection(ExtensibilityGlobals) = postSolution
		SolutionGuid = {030E7887-2697-484C-9A69-689ADAE8DFFE}
	EndGlobalSection
EndGlobal
