<?xml version="1.0" encoding="utf-8"?>
<Project ToolsVersion="4.0" xmlns="http://schemas.microsoft.com/developer/msbuild/2003">
  <ItemGroup>
    <Filter Include="Source Files">
      <UniqueIdentifier>{4FC737F1-C7A5-4376-A066-2A32D752A2FF}</UniqueIdentifier>
      <Extensions>cpp;c;cc;cxx;c++;def;odl;idl;hpj;bat;asm;asmx</Extensions>
    </Filter>
    <Filter Include="Header Files">
      <UniqueIdentifier>{93995380-89BD-4b04-88EB-625FBE52EBFB}</UniqueIdentifier>
      <Extensions>h;hh;hpp;hxx;h++;hm;inl;inc;ipp;xsd</Extensions>
    </Filter>
    <Filter Include="Resource Files">
      <UniqueIdentifier>{67DA6AB6-F800-4c08-8B7A-83BB121AAD01}</UniqueIdentifier>
      <Extensions>rc;ico;cur;bmp;dlg;rc2;rct;bin;rgs;gif;jpg;jpeg;jpe;resx;tiff;tif;png;wav;mfcribbon-ms</Extensions>
    </Filter>
    <Filter Include="Source Files\engine">
      <UniqueIdentifier>{8b21ae51-b5fa-4ee6-b1c2-a5f043057d32}</UniqueIdentifier>
    </Filter>
    <Filter Include="Header Files\engine">
      <UniqueIdentifier>{b2f5f493-a972-4111-9f0a-2cbcc8c32af1}</UniqueIdentifier>
    </Filter>
    <Filter Include="Shaders">
      <UniqueIdentifier>{c4ad17c8-c8cb-4eee-9752-df7f90167395}</UniqueIdentifier>
    </Filter>
  </ItemGroup>
  <ItemGroup>
    <ClInclude Include="animation_sequence.h">
      <Filter>Header Files</Filter>
    </ClInclude>
    <ClInclude Include="brain.h">
      <Filter>Header Files</Filter>
    </ClInclude>
    <ClInclude Include="game_event_fabric.h">
      <Filter>Header Files</Filter>
    </ClInclude>
    <ClInclude Include="game_inputs.h">
      <Filter>Header Files</Filter>
    </ClInclude>
    <ClInclude Include="game_status.h">
      <Filter>Header Files</Filter>
    </ClInclude>
    <ClInclude Include="gl_character.h">
      <Filter>Header Files</Filter>
    </ClInclude>
    <ClInclude Include="gl_dungeon.h">
      <Filter>Header Files</Filter>
    </ClInclude>
    <ClInclude Include="gl_game_state_dungeon.h">
      <Filter>Header Files</Filter>
    </ClInclude>
    <ClInclude Include="gl_game_state_menu.h">
      <Filter>Header Files</Filter>
    </ClInclude>
    <ClInclude Include="gl_light.h">
      <Filter>Header Files</Filter>
    </ClInclude>
    <ClInclude Include="gl_model.h">
      <Filter>Header Files</Filter>
    </ClInclude>
    <ClInclude Include="gl_render_target.h">
      <Filter>Header Files</Filter>
    </ClInclude>
    <ClInclude Include="gl_resource_texture.h">
      <Filter>Header Files</Filter>
    </ClInclude>
    <ClInclude Include="gl_simple_light.h">
      <Filter>Header Files</Filter>
    </ClInclude>
    <ClInclude Include="i_gl_game_state.h">
      <Filter>Header Files</Filter>
    </ClInclude>
    <ClInclude Include="i_map_event.h">
      <Filter>Header Files</Filter>
    </ClInclude>
    <ClInclude Include="map_event_general.h">
      <Filter>Header Files</Filter>
    </ClInclude>
    <ClInclude Include="map_event_hero_action.h">
      <Filter>Header Files</Filter>
    </ClInclude>
    <ClInclude Include="map_event_hero_strikes.h">
      <Filter>Header Files</Filter>
    </ClInclude>
    <ClInclude Include="map_event_valhalla.h">
      <Filter>Header Files</Filter>
    </ClInclude>
    <ClInclude Include="map_heightmap.h">
      <Filter>Header Files</Filter>
    </ClInclude>
    <ClInclude Include="map_utility.h">
      <Filter>Header Files</Filter>
    </ClInclude>
    <ClInclude Include="..\gl_engine\collision.h">
      <Filter>Header Files\engine</Filter>
    </ClInclude>
    <ClInclude Include="..\gl_engine\engine_settings.h">
      <Filter>Header Files\engine</Filter>
    </ClInclude>
    <ClInclude Include="..\gl_engine\gl_atlas.h">
      <Filter>Header Files\engine</Filter>
    </ClInclude>
    <ClInclude Include="..\gl_engine\gl_font16x16.h">
      <Filter>Header Files\engine</Filter>
    </ClInclude>
    <ClInclude Include="..\gl_engine\gl_map_browser.h">
      <Filter>Header Files\engine</Filter>
    </ClInclude>
    <ClInclude Include="..\gl_engine\gl_material.h">
      <Filter>Header Files\engine</Filter>
    </ClInclude>
    <ClInclude Include="..\gl_engine\gl_physics.h">
      <Filter>Header Files\engine</Filter>
    </ClInclude>
    <ClInclude Include="..\gl_engine\gl_resources_manager.h">
      <Filter>Header Files\engine</Filter>
    </ClInclude>
    <ClInclude Include="..\gl_engine\gl2d_button.h">
      <Filter>Header Files\engine</Filter>
    </ClInclude>
    <ClInclude Include="..\gl_engine\gl2d_image.h">
      <Filter>Header Files\engine</Filter>
    </ClInclude>
    <ClInclude Include="..\gl_engine\gl2d_interface.h">
      <Filter>Header Files\engine</Filter>
    </ClInclude>
    <ClInclude Include="..\gl_engine\gl2d_item.h">
      <Filter>Header Files\engine</Filter>
    </ClInclude>
    <ClInclude Include="..\gl_engine\gl2d_progressbar.h">
      <Filter>Header Files\engine</Filter>
    </ClInclude>
    <ClInclude Include="..\gl_engine\glcamera.h">
      <Filter>Header Files\engine</Filter>
    </ClInclude>
    <ClInclude Include="..\gl_engine\glresourses.h">
      <Filter>Header Files\engine</Filter>
    </ClInclude>
    <ClInclude Include="..\gl_engine\glscene.h">
      <Filter>Header Files\engine</Filter>
    </ClInclude>
    <ClInclude Include="..\gl_engine\i_gl_font.h">
      <Filter>Header Files\engine</Filter>
    </ClInclude>
    <ClInclude Include="..\gl_engine\i_gl_jal_struct.h">
      <Filter>Header Files\engine</Filter>
    </ClInclude>
    <ClInclude Include="..\gl_engine\i_gl_jub_struct.h">
      <Filter>Header Files\engine</Filter>
    </ClInclude>
    <ClInclude Include="..\gl_engine\i_gl_model.h">
      <Filter>Header Files\engine</Filter>
    </ClInclude>
    <ClInclude Include="..\gl_engine\i_gl_texture_struct.h">
      <Filter>Header Files\engine</Filter>
    </ClInclude>
    <ClInclude Include="..\gl_engine\input_abstracts.h">
      <Filter>Header Files\engine</Filter>
    </ClInclude>
    <ClInclude Include="..\gl_engine\loader.h">
      <Filter>Header Files\engine</Filter>
    </ClInclude>
    <ClInclude Include="..\gl_engine\math3d.h">
      <Filter>Header Files\engine</Filter>
    </ClInclude>
    <ClInclude Include="..\gl_engine\octree.h">
      <Filter>Header Files\engine</Filter>
    </ClInclude>
  </ItemGroup>
  <ItemGroup>
    <ClCompile Include="animation_sequence.cpp">
      <Filter>Source Files</Filter>
    </ClCompile>
    <ClCompile Include="brain.cpp">
      <Filter>Source Files</Filter>
    </ClCompile>
    <ClCompile Include="game_event_fabric.cpp">
      <Filter>Source Files</Filter>
    </ClCompile>
    <ClCompile Include="game_inputs.cpp">
      <Filter>Source Files</Filter>
    </ClCompile>
    <ClCompile Include="game_status.cpp">
      <Filter>Source Files</Filter>
    </ClCompile>
    <ClCompile Include="gl_character.cpp">
      <Filter>Source Files</Filter>
    </ClCompile>
    <ClCompile Include="gl_game_state_dungeon.cpp">
      <Filter>Source Files</Filter>
    </ClCompile>
    <ClCompile Include="gl_game_state_menu.cpp">
      <Filter>Source Files</Filter>
    </ClCompile>
    <ClCompile Include="gl_light.cpp">
      <Filter>Source Files</Filter>
    </ClCompile>
    <ClCompile Include="gl_model.cpp">
      <Filter>Source Files</Filter>
    </ClCompile>
    <ClCompile Include="gl_render_target.cpp">
      <Filter>Source Files</Filter>
    </ClCompile>
    <ClCompile Include="main.cpp">
      <Filter>Source Files</Filter>
    </ClCompile>
    <ClCompile Include="map_event_general.cpp">
      <Filter>Source Files</Filter>
    </ClCompile>
    <ClCompile Include="map_event_hero_action.cpp">
      <Filter>Source Files</Filter>
    </ClCompile>
    <ClCompile Include="map_event_hero_strikes.cpp">
      <Filter>Source Files</Filter>
    </ClCompile>
    <ClCompile Include="map_event_valhalla.cpp">
      <Filter>Source Files</Filter>
    </ClCompile>
    <ClCompile Include="map_heightmap.cpp">
      <Filter>Source Files</Filter>
    </ClCompile>
    <ClCompile Include="map_utility.cpp">
      <Filter>Source Files</Filter>
    </ClCompile>
    <ClCompile Include="..\gl_engine\collision.cpp">
      <Filter>Source Files\engine</Filter>
    </ClCompile>
    <ClCompile Include="..\gl_engine\engine_settings.cpp">
      <Filter>Source Files\engine</Filter>
    </ClCompile>
    <ClCompile Include="..\gl_engine\gl_font16x16.cpp">
      <Filter>Source Files\engine</Filter>
    </ClCompile>
    <ClCompile Include="..\gl_engine\gl_map_browser.cpp">
      <Filter>Source Files\engine</Filter>
    </ClCompile>
    <ClCompile Include="..\gl_engine\gl_material.cpp">
      <Filter>Source Files\engine</Filter>
    </ClCompile>
    <ClCompile Include="..\gl_engine\gl_resources_manager.cpp">
      <Filter>Source Files\engine</Filter>
    </ClCompile>
    <ClCompile Include="..\gl_engine\gl2d_button.cpp">
      <Filter>Source Files\engine</Filter>
    </ClCompile>
    <ClCompile Include="..\gl_engine\gl2d_image.cpp">
      <Filter>Source Files\engine</Filter>
    </ClCompile>
    <ClCompile Include="..\gl_engine\gl2d_interface.cpp">
      <Filter>Source Files\engine</Filter>
    </ClCompile>
    <ClCompile Include="..\gl_engine\gl2d_item.cpp">
      <Filter>Source Files\engine</Filter>
    </ClCompile>
    <ClCompile Include="..\gl_engine\gl2d_progressbar.cpp">
      <Filter>Source Files\engine</Filter>
    </ClCompile>
    <ClCompile Include="..\gl_engine\glcamera.cpp">
      <Filter>Source Files\engine</Filter>
    </ClCompile>
    <ClCompile Include="..\gl_engine\glresourses.cpp">
      <Filter>Source Files\engine</Filter>
    </ClCompile>
    <ClCompile Include="..\gl_engine\glscene.cpp">
      <Filter>Source Files\engine</Filter>
    </ClCompile>
    <ClCompile Include="..\gl_engine\loader.cpp">
      <Filter>Source Files\engine</Filter>
    </ClCompile>
    <ClCompile Include="..\gl_engine\math3d.cpp">
      <Filter>Source Files\engine</Filter>
    </ClCompile>
    <ClCompile Include="..\gl_engine\octree.cpp">
      <Filter>Source Files\engine</Filter>
    </ClCompile>
    <ClCompile Include="input_abstracts.cpp">
      <Filter>Source Files</Filter>
    </ClCompile>
  </ItemGroup>
  <ItemGroup>
    <ResourceCompile Include="game.rc">
      <Filter>Resource Files</Filter>
    </ResourceCompile>
  </ItemGroup>
  <ItemGroup>
    <None Include="shaders\dbg.fs">
      <Filter>Shaders</Filter>
    </None>
    <None Include="shaders\dbg.vs">
      <Filter>Shaders</Filter>
    </None>
    <None Include="shaders\deff_easy.fs">
      <Filter>Shaders</Filter>
    </None>
    <None Include="shaders\deff_simple.fs">
      <Filter>Shaders</Filter>
    </None>
    <None Include="shaders\deff_simple_cheap.fs">
      <Filter>Shaders</Filter>
    </None>
    <None Include="shaders\deffered.fs">
      <Filter>Shaders</Filter>
    </None>
    <None Include="shaders\deffered_cheap.fs">
      <Filter>Shaders</Filter>
    </None>
    <None Include="shaders\deffered_global.fs">
      <Filter>Shaders</Filter>
    </None>
    <None Include="shaders\deffered_global_v1.fs">
      <Filter>Shaders</Filter>
    </None>
    <None Include="shaders\deffered_global_v2.fs">
      <Filter>Shaders</Filter>
    </None>
    <None Include="shaders\deffered_old.fs">
      <Filter>Shaders</Filter>
    </None>
    <None Include="shaders\frag_height_simple.fs">
      <Filter>Shaders</Filter>
    </None>
    <None Include="shaders\frag_norm.fs">
      <Filter>Shaders</Filter>
    </None>
    <None Include="shaders\frag_norm_height.fs">
      <Filter>Shaders</Filter>
    </None>
    <None Include="shaders\frag_norm_terrain.fs">
      <Filter>Shaders</Filter>
    </None>
    <None Include="shaders\frag1.fs">
      <Filter>Shaders</Filter>
    </None>
    <None Include="shaders\frag1_sh.fs">
      <Filter>Shaders</Filter>
    </None>
    <None Include="shaders\frag2.fs">
      <Filter>Shaders</Filter>
    </None>
    <None Include="shaders\list.shd">
      <Filter>Shaders</Filter>
    </None>
    <None Include="shaders\luminocity.fs">
      <Filter>Shaders</Filter>
    </None>
    <None Include="shaders\norm_height.gs">
      <Filter>Shaders</Filter>
    </None>
    <None Include="shaders\norm_height.vs">
      <Filter>Shaders</Filter>
    </None>
    <None Include="shaders\normals.fs">
      <Filter>Shaders</Filter>
    </None>
    <None Include="shaders\simple_frag.fs">
      <Filter>Shaders</Filter>
    </None>
    <None Include="shaders\simple_vert.vs">
      <Filter>Shaders</Filter>
    </None>
    <None Include="shaders\sky.fs">
      <Filter>Shaders</Filter>
    </None>
    <None Include="shaders\sky.vs">
      <Filter>Shaders</Filter>
    </None>
    <None Include="shaders\skybox.fs">
      <Filter>Shaders</Filter>
    </None>
    <None Include="shaders\skybox.vs">
      <Filter>Shaders</Filter>
    </None>
    <None Include="shaders\sobel.fs">
      <Filter>Shaders</Filter>
    </None>
    <None Include="shaders\sobel_aa.fs">
      <Filter>Shaders</Filter>
    </None>
    <None Include="shaders\sobel_aa_.fs">
      <Filter>Shaders</Filter>
    </None>
    <None Include="shaders\sobel_blur.fs">
      <Filter>Shaders</Filter>
    </None>
    <None Include="shaders\sobel_blur_test.fs">
      <Filter>Shaders</Filter>
    </None>
    <None Include="shaders\sobel_cross.fs">
      <Filter>Shaders</Filter>
    </None>
    <None Include="shaders\sprite.1.fs">
      <Filter>Shaders</Filter>
    </None>
    <None Include="shaders\sprite.fs">
      <Filter>Shaders</Filter>
    </None>
    <None Include="shaders\sprite.vs">
      <Filter>Shaders</Filter>
    </None>
    <None Include="shaders\sprite_blur.fs">
      <Filter>Shaders</Filter>
    </None>
    <None Include="shaders\sprite_blur_h.fs">
      <Filter>Shaders</Filter>
    </None>
    <None Include="shaders\sprite_blur_w.fs">
      <Filter>Shaders</Filter>
    </None>
    <None Include="shaders\sprite2d.fs">
      <Filter>Shaders</Filter>
    </None>
    <None Include="shaders\sprite2d.vs">
      <Filter>Shaders</Filter>
    </None>
    <None Include="shaders\sprite2dsimple.fs">
      <Filter>Shaders</Filter>
    </None>
    <None Include="shaders\sprite2dsimple.vs">
      <Filter>Shaders</Filter>
    </None>
    <None Include="shaders\vert_height_simple.vs">
      <Filter>Shaders</Filter>
    </None>
    <None Include="shaders\vert_norm.vs">
      <Filter>Shaders</Filter>
    </None>
    <None Include="shaders\vert_norm_height.vs">
      <Filter>Shaders</Filter>
    </None>
    <None Include="shaders\vertex1.vs">
      <Filter>Shaders</Filter>
    </None>
    <None Include="shaders\skybox_cube.fs">
      <Filter>Shaders</Filter>
    </None>
  </ItemGroup>
</Project>